
Microsoft Visual Studio Solution File, Format Version 12.00
# Visual Studio Version 17
VisualStudioVersion = 17.11.35219.272
MinimumVisualStudioVersion = 10.0.40219.1
Project("{FAE04EC0-301F-11D3-BF4B-00C04F79EFBC}") = "Baithuchanh02", "Baithuchanh02.csproj", "{391B5063-10F7-411E-95CA-DB46D68C74AD}"
EndProject
Global
	GlobalSection(SolutionConfigurationPlatforms) = preSolution
		Debug|Any CPU = Debug|Any CPU
		Release|Any CPU = Release|Any CPU
	EndGlobalSection
	GlobalSection(ProjectConfigurationPlatforms) = postSolution
		{391B5063-10F7-411E-95CA-DB46D68C74AD}.Debug|Any CPU.ActiveCfg = Debug|Any CPU
		{391B5063-10F7-411E-95CA-DB46D68C74AD}.Debug|Any CPU.Build.0 = Debug|Any CPU
		{391B5063-10F7-411E-95CA-DB46D68C74AD}.Release|Any CPU.ActiveCfg = Release|Any CPU
		{391B5063-10F7-411E-95CA-DB46D68C74AD}.Release|Any CPU.Build.0 = Release|Any CPU
	EndGlobalSection
	GlobalSection(SolutionProperties) = preSolution
		HideSolutionNode = FALSE
	EndGlobalSection
	GlobalSection(ExtensibilityGlobals) = postSolution
		SolutionGuid = {B616373F-F1A0-4E7F-A48E-9CAB5F024B52}
	EndGlobalSection
EndGlobal
