
Microsoft Visual Studio Solution File, Format Version 12.00
# Visual Studio Version 17
VisualStudioVersion = 17.11.35219.272
MinimumVisualStudioVersion = 10.0.40219.1
Project("{FAE04EC0-301F-11D3-BF4B-00C04F79EFBC}") = "Baitap05", "Baitap05\Baitap05.csproj", "{DF8B112D-C875-427E-8CCF-CA1FBC35D64B}"
EndProject
Global
	GlobalSection(SolutionConfigurationPlatforms) = preSolution
		Debug|Any CPU = Debug|Any CPU
		Release|Any CPU = Release|Any CPU
	EndGlobalSection
	GlobalSection(ProjectConfigurationPlatforms) = postSolution
		{DF8B112D-C875-427E-8CCF-CA1FBC35D64B}.Debug|Any CPU.ActiveCfg = Debug|Any CPU
		{DF8B112D-C875-427E-8CCF-CA1FBC35D64B}.Debug|Any CPU.Build.0 = Debug|Any CPU
		{DF8B112D-C875-427E-8CCF-CA1FBC35D64B}.Release|Any CPU.ActiveCfg = Release|Any CPU
		{DF8B112D-C875-427E-8CCF-CA1FBC35D64B}.Release|Any CPU.Build.0 = Release|Any CPU
	EndGlobalSection
	GlobalSection(SolutionProperties) = preSolution
		HideSolutionNode = FALSE
	EndGlobalSection
	GlobalSection(ExtensibilityGlobals) = postSolution
		SolutionGuid = {FD46AE68-A6C1-495F-9160-132208E4C10B}
	EndGlobalSection
EndGlobal
