
Microsoft Visual Studio Solution File, Format Version 12.00
# Visual Studio Version 17
VisualStudioVersion = 17.11.35219.272
MinimumVisualStudioVersion = 10.0.40219.1
Project("{FAE04EC0-301F-11D3-BF4B-00C04F79EFBC}") = "BaiTap01", "BaiTap01\BaiTap01.csproj", "{D25B7A71-1652-4CA7-B8C0-8C8B78038E6D}"
EndProject
Global
	GlobalSection(SolutionConfigurationPlatforms) = preSolution
		Debug|Any CPU = Debug|Any CPU
		Release|Any CPU = Release|Any CPU
	EndGlobalSection
	GlobalSection(ProjectConfigurationPlatforms) = postSolution
		{D25B7A71-1652-4CA7-B8C0-8C8B78038E6D}.Debug|Any CPU.ActiveCfg = Debug|Any CPU
		{D25B7A71-1652-4CA7-B8C0-8C8B78038E6D}.Debug|Any CPU.Build.0 = Debug|Any CPU
		{D25B7A71-1652-4CA7-B8C0-8C8B78038E6D}.Release|Any CPU.ActiveCfg = Release|Any CPU
		{D25B7A71-1652-4CA7-B8C0-8C8B78038E6D}.Release|Any CPU.Build.0 = Release|Any CPU
	EndGlobalSection
	GlobalSection(SolutionProperties) = preSolution
		HideSolutionNode = FALSE
	EndGlobalSection
	GlobalSection(ExtensibilityGlobals) = postSolution
		SolutionGuid = {72AA03C5-39AA-45BF-BD43-616582D7FEC7}
	EndGlobalSection
EndGlobal
