
Microsoft Visual Studio Solution File, Format Version 12.00
# Visual Studio Version 17
VisualStudioVersion = 17.11.35219.272
MinimumVisualStudioVersion = 10.0.40219.1
Project("{FAE04EC0-301F-11D3-BF4B-00C04F79EFBC}") = "Bt06", "Bt06.csproj", "{11920D57-1159-4E35-A6E3-16995B71AE75}"
EndProject
Global
	GlobalSection(SolutionConfigurationPlatforms) = preSolution
		Debug|Any CPU = Debug|Any CPU
		Release|Any CPU = Release|Any CPU
	EndGlobalSection
	GlobalSection(ProjectConfigurationPlatforms) = postSolution
		{11920D57-1159-4E35-A6E3-16995B71AE75}.Debug|Any CPU.ActiveCfg = Debug|Any CPU
		{11920D57-1159-4E35-A6E3-16995B71AE75}.Debug|Any CPU.Build.0 = Debug|Any CPU
		{11920D57-1159-4E35-A6E3-16995B71AE75}.Release|Any CPU.ActiveCfg = Release|Any CPU
		{11920D57-1159-4E35-A6E3-16995B71AE75}.Release|Any CPU.Build.0 = Release|Any CPU
	EndGlobalSection
	GlobalSection(SolutionProperties) = preSolution
		HideSolutionNode = FALSE
	EndGlobalSection
	GlobalSection(ExtensibilityGlobals) = postSolution
		SolutionGuid = {742E50FE-AA04-4455-A0EA-4FB96CC31B77}
	EndGlobalSection
EndGlobal
