
Microsoft Visual Studio Solution File, Format Version 12.00
# Visual Studio Version 17
VisualStudioVersion = 17.11.35219.272
MinimumVisualStudioVersion = 10.0.40219.1
Project("{FAE04EC0-301F-11D3-BF4B-00C04F79EFBC}") = "BaiTap28_08_2024", "BaiTap28_08_2024\BaiTap28_08_2024.csproj", "{1AA8771C-FE86-45D3-9D57-89C0BDC8143F}"
EndProject
Global
	GlobalSection(SolutionConfigurationPlatforms) = preSolution
		Debug|Any CPU = Debug|Any CPU
		Release|Any CPU = Release|Any CPU
	EndGlobalSection
	GlobalSection(ProjectConfigurationPlatforms) = postSolution
		{1AA8771C-FE86-45D3-9D57-89C0BDC8143F}.Debug|Any CPU.ActiveCfg = Debug|Any CPU
		{1AA8771C-FE86-45D3-9D57-89C0BDC8143F}.Debug|Any CPU.Build.0 = Debug|Any CPU
		{1AA8771C-FE86-45D3-9D57-89C0BDC8143F}.Release|Any CPU.ActiveCfg = Release|Any CPU
		{1AA8771C-FE86-45D3-9D57-89C0BDC8143F}.Release|Any CPU.Build.0 = Release|Any CPU
	EndGlobalSection
	GlobalSection(SolutionProperties) = preSolution
		HideSolutionNode = FALSE
	EndGlobalSection
	GlobalSection(ExtensibilityGlobals) = postSolution
		SolutionGuid = {8D2187C2-702B-4C12-8431-B0CBF6E987CC}
	EndGlobalSection
EndGlobal
